
Microsoft Visual Studio Solution File, Format Version 12.00
# Visual Studio Version 17
VisualStudioVersion = 17.3.32819.101
MinimumVisualStudioVersion = 10.0.40219.1
Project("{FAE04EC0-301F-11D3-BF4B-00C04F79EFBC}") = "HoThanhVinh_2080600816", "BigSchool\HoThanhVinh_2080600816.csproj", "{D45DE06F-B7D0-4973-AE28-BA959EA984F4}"
EndProject
Global
	GlobalSection(SolutionConfigurationPlatforms) = preSolution
		Debug|Any CPU = Debug|Any CPU
		Release|Any CPU = Release|Any CPU
	EndGlobalSection
	GlobalSection(ProjectConfigurationPlatforms) = postSolution
		{D45DE06F-B7D0-4973-AE28-BA959EA984F4}.Debug|Any CPU.ActiveCfg = Debug|Any CPU
		{D45DE06F-B7D0-4973-AE28-BA959EA984F4}.Debug|Any CPU.Build.0 = Debug|Any CPU
		{D45DE06F-B7D0-4973-AE28-BA959EA984F4}.Release|Any CPU.ActiveCfg = Release|Any CPU
		{D45DE06F-B7D0-4973-AE28-BA959EA984F4}.Release|Any CPU.Build.0 = Release|Any CPU
	EndGlobalSection
	GlobalSection(SolutionProperties) = preSolution
		HideSolutionNode = FALSE
	EndGlobalSection
	GlobalSection(ExtensibilityGlobals) = postSolution
		SolutionGuid = {DC30D3BA-B860-431F-89D4-B22E27FAF31D}
	EndGlobalSection
EndGlobal
